// !$*UTF8*$!
{
	archiveVersion = 1;
	classes = {
	};
	objectVersion = 55;
	objects = {

/* Begin PBXBuildFile section */
		B89C4453285CA3E20003B88C /* AppDelegate.swift in Sources */ = {isa = PBXBuildFile; fileRef = B89C4452285CA3E20003B88C /* AppDelegate.swift */; };
		B89C4455285CA3E20003B88C /* SceneDelegate.swift in Sources */ = {isa = PBXBuildFile; fileRef = B89C4454285CA3E20003B88C /* SceneDelegate.swift */; };
		B89C445C285CA3E40003B88C /* Assets.xcassets in Resources */ = {isa = PBXBuildFile; fileRef = B89C445B285CA3E40003B88C /* Assets.xcassets */; };
		B89C445F285CA3E40003B88C /* LaunchScreen.storyboard in Resources */ = {isa = PBXBuildFile; fileRef = B89C445D285CA3E40003B88C /* LaunchScreen.storyboard */; };
		B89C4467285CA43C0003B88C /* TabBarController.swift in Sources */ = {isa = PBXBuildFile; fileRef = B89C4466285CA43C0003B88C /* TabBarController.swift */; };
		B89C4469285CA70F0003B88C /* TodayViewController.swift in Sources */ = {isa = PBXBuildFile; fileRef = B89C4468285CA70E0003B88C /* TodayViewController.swift */; };
		B89C4470285CA8E40003B88C /* AppViewController.swift in Sources */ = {isa = PBXBuildFile; fileRef = B89C446F285CA8E40003B88C /* AppViewController.swift */; };
		B89C4473285CAAB30003B88C /* SnapKit in Frameworks */ = {isa = PBXBuildFile; productRef = B89C4472285CAAB30003B88C /* SnapKit */; };
		B89C4476285CAAC00003B88C /* Kingfisher in Frameworks */ = {isa = PBXBuildFile; productRef = B89C4475285CAAC00003B88C /* Kingfisher */; };
		B89C4478285CAD0F0003B88C /* TodayCollectionViewCell.swift in Sources */ = {isa = PBXBuildFile; fileRef = B89C4477285CAD0F0003B88C /* TodayCollectionViewCell.swift */; };
		B89C447A285CB8070003B88C /* TodayCollectionViewHeader.swift in Sources */ = {isa = PBXBuildFile; fileRef = B89C4479285CB8070003B88C /* TodayCollectionViewHeader.swift */; };
/* End PBXBuildFile section */

/* Begin PBXFileReference section */
		B89C444F285CA3E20003B88C /* AppStoreRepeat.app */ = {isa = PBXFileReference; explicitFileType = wrapper.application; includeInIndex = 0; path = AppStoreRepeat.app; sourceTree = BUILT_PRODUCTS_DIR; };
		B89C4452285CA3E20003B88C /* AppDelegate.swift */ = {isa = PBXFileReference; lastKnownFileType = sourcecode.swift; path = AppDelegate.swift; sourceTree = "<group>"; };
		B89C4454285CA3E20003B88C /* SceneDelegate.swift */ = {isa = PBXFileReference; lastKnownFileType = sourcecode.swift; path = SceneDelegate.swift; sourceTree = "<group>"; };
		B89C445B285CA3E40003B88C /* Assets.xcassets */ = {isa = PBXFileReference; lastKnownFileType = folder.assetcatalog; path = Assets.xcassets; sourceTree = "<group>"; };
		B89C445E285CA3E40003B88C /* Base */ = {isa = PBXFileReference; lastKnownFileType = file.storyboard; name = Base; path = Base.lproj/LaunchScreen.storyboard; sourceTree = "<group>"; };
		B89C4460285CA3E40003B88C /* Info.plist */ = {isa = PBXFileReference; lastKnownFileType = text.plist.xml; path = Info.plist; sourceTree = "<group>"; };
		B89C4466285CA43C0003B88C /* TabBarController.swift */ = {isa = PBXFileReference; lastKnownFileType = sourcecode.swift; path = TabBarController.swift; sourceTree = "<group>"; };
		B89C4468285CA70E0003B88C /* TodayViewController.swift */ = {isa = PBXFileReference; lastKnownFileType = sourcecode.swift; path = TodayViewController.swift; sourceTree = "<group>"; };
		B89C446F285CA8E40003B88C /* AppViewController.swift */ = {isa = PBXFileReference; lastKnownFileType = sourcecode.swift; path = AppViewController.swift; sourceTree = "<group>"; };
		B89C4477285CAD0F0003B88C /* TodayCollectionViewCell.swift */ = {isa = PBXFileReference; lastKnownFileType = sourcecode.swift; path = TodayCollectionViewCell.swift; sourceTree = "<group>"; };
		B89C4479285CB8070003B88C /* TodayCollectionViewHeader.swift */ = {isa = PBXFileReference; lastKnownFileType = sourcecode.swift; path = TodayCollectionViewHeader.swift; sourceTree = "<group>"; };
/* End PBXFileReference section */

/* Begin PBXFrameworksBuildPhase section */
		B89C444C285CA3E20003B88C /* Frameworks */ = {
			isa = PBXFrameworksBuildPhase;
			buildActionMask = 2147483647;
			files = (
				B89C4476285CAAC00003B88C /* Kingfisher in Frameworks */,
				B89C4473285CAAB30003B88C /* SnapKit in Frameworks */,
			);
			runOnlyForDeploymentPostprocessing = 0;
		};
/* End PBXFrameworksBuildPhase section */

/* Begin PBXGroup section */
		B89C4446285CA3E20003B88C = {
			isa = PBXGroup;
			children = (
				B89C4451285CA3E20003B88C /* AppStoreRepeat */,
				B89C4450285CA3E20003B88C /* Products */,
			);
			sourceTree = "<group>";
		};
		B89C4450285CA3E20003B88C /* Products */ = {
			isa = PBXGroup;
			children = (
				B89C444F285CA3E20003B88C /* AppStoreRepeat.app */,
			);
			name = Products;
			sourceTree = "<group>";
		};
		B89C4451285CA3E20003B88C /* AppStoreRepeat */ = {
			isa = PBXGroup;
			children = (
				B89C4452285CA3E20003B88C /* AppDelegate.swift */,
				B89C4454285CA3E20003B88C /* SceneDelegate.swift */,
				B89C446E285CA7370003B88C /* Scene */,
				B89C4466285CA43C0003B88C /* TabBarController.swift */,
				B89C4460285CA3E40003B88C /* Info.plist */,
				B89C445B285CA3E40003B88C /* Assets.xcassets */,
				B89C445D285CA3E40003B88C /* LaunchScreen.storyboard */,
			);
			path = AppStoreRepeat;
			sourceTree = "<group>";
		};
		B89C446C285CA7230003B88C /* Today */ = {
			isa = PBXGroup;
			children = (
				B89C4468285CA70E0003B88C /* TodayViewController.swift */,
				B89C4477285CAD0F0003B88C /* TodayCollectionViewCell.swift */,
				B89C4479285CB8070003B88C /* TodayCollectionViewHeader.swift */,
			);
			name = Today;
			sourceTree = "<group>";
		};
		B89C446D285CA7300003B88C /* App */ = {
			isa = PBXGroup;
			children = (
				B89C446F285CA8E40003B88C /* AppViewController.swift */,
			);
			name = App;
			sourceTree = "<group>";
		};
		B89C446E285CA7370003B88C /* Scene */ = {
			isa = PBXGroup;
			children = (
				B89C446D285CA7300003B88C /* App */,
				B89C446C285CA7230003B88C /* Today */,
			);
			name = Scene;
			sourceTree = "<group>";
		};
/* End PBXGroup section */

/* Begin PBXNativeTarget section */
		B89C444E285CA3E20003B88C /* AppStoreRepeat */ = {
			isa = PBXNativeTarget;
			buildConfigurationList = B89C4463285CA3E40003B88C /* Build configuration list for PBXNativeTarget "AppStoreRepeat" */;
			buildPhases = (
				B89C444B285CA3E20003B88C /* Sources */,
				B89C444C285CA3E20003B88C /* Frameworks */,
				B89C444D285CA3E20003B88C /* Resources */,
			);
			buildRules = (
			);
			dependencies = (
			);
			name = AppStoreRepeat;
			packageProductDependencies = (
				B89C4472285CAAB30003B88C /* SnapKit */,
				B89C4475285CAAC00003B88C /* Kingfisher */,
			);
			productName = AppStoreRepeat;
			productReference = B89C444F285CA3E20003B88C /* AppStoreRepeat.app */;
			productType = "com.apple.product-type.application";
		};
/* End PBXNativeTarget section */

/* Begin PBXProject section */
		B89C4447285CA3E20003B88C /* Project object */ = {
			isa = PBXProject;
			attributes = {
				BuildIndependentTargetsInParallel = 1;
				LastSwiftUpdateCheck = 1330;
				LastUpgradeCheck = 1330;
				TargetAttributes = {
					B89C444E285CA3E20003B88C = {
						CreatedOnToolsVersion = 13.3;
					};
				};
			};
			buildConfigurationList = B89C444A285CA3E20003B88C /* Build configuration list for PBXProject "AppStoreRepeat" */;
			compatibilityVersion = "Xcode 13.0";
			developmentRegion = en;
			hasScannedForEncodings = 0;
			knownRegions = (
				en,
				Base,
			);
			mainGroup = B89C4446285CA3E20003B88C;
			packageReferences = (
				B89C4471285CAAB30003B88C /* XCRemoteSwiftPackageReference "SnapKit" */,
				B89C4474285CAAC00003B88C /* XCRemoteSwiftPackageReference "Kingfisher" */,
			);
			productRefGroup = B89C4450285CA3E20003B88C /* Products */;
			projectDirPath = "";
			projectRoot = "";
			targets = (
				B89C444E285CA3E20003B88C /* AppStoreRepeat */,
			);
		};
/* End PBXProject section */

/* Begin PBXResourcesBuildPhase section */
		B89C444D285CA3E20003B88C /* Resources */ = {
			isa = PBXResourcesBuildPhase;
			buildActionMask = 2147483647;
			files = (
				B89C445F285CA3E40003B88C /* LaunchScreen.storyboard in Resources */,
				B89C445C285CA3E40003B88C /* Assets.xcassets in Resources */,
			);
			runOnlyForDeploymentPostprocessing = 0;
		};
/* End PBXResourcesBuildPhase section */

/* Begin PBXSourcesBuildPhase section */
		B89C444B285CA3E20003B88C /* Sources */ = {
			isa = PBXSourcesBuildPhase;
			buildActionMask = 2147483647;
			files = (
				B89C4478285CAD0F0003B88C /* TodayCollectionViewCell.swift in Sources */,
				B89C4470285CA8E40003B88C /* AppViewController.swift in Sources */,
				B89C4469285CA70F0003B88C /* TodayViewController.swift in Sources */,
				B89C447A285CB8070003B88C /* TodayCollectionViewHeader.swift in Sources */,
				B89C4467285CA43C0003B88C /* TabBarController.swift in Sources */,
				B89C4453285CA3E20003B88C /* AppDelegate.swift in Sources */,
				B89C4455285CA3E20003B88C /* SceneDelegate.swift in Sources */,
			);
			runOnlyForDeploymentPostprocessing = 0;
		};
/* End PBXSourcesBuildPhase section */

/* Begin PBXVariantGroup section */
		B89C445D285CA3E40003B88C /* LaunchScreen.storyboard */ = {
			isa = PBXVariantGroup;
			children = (
				B89C445E285CA3E40003B88C /* Base */,
			);
			name = LaunchScreen.storyboard;
			sourceTree = "<group>";
		};
/* End PBXVariantGroup section */

/* Begin XCBuildConfiguration section */
		B89C4461285CA3E40003B88C /* Debug */ = {
			isa = XCBuildConfiguration;
			buildSettings = {
				ALWAYS_SEARCH_USER_PATHS = NO;
				CLANG_ANALYZER_NONNULL = YES;
				CLANG_ANALYZER_NUMBER_OBJECT_CONVERSION = YES_AGGRESSIVE;
				CLANG_CXX_LANGUAGE_STANDARD = "gnu++17";
				CLANG_ENABLE_MODULES = YES;
				CLANG_ENABLE_OBJC_ARC = YES;
				CLANG_ENABLE_OBJC_WEAK = YES;
				CLANG_WARN_BLOCK_CAPTURE_AUTORELEASING = YES;
				CLANG_WARN_BOOL_CONVERSION = YES;
				CLANG_WARN_COMMA = YES;
				CLANG_WARN_CONSTANT_CONVERSION = YES;
				CLANG_WARN_DEPRECATED_OBJC_IMPLEMENTATIONS = YES;
				CLANG_WARN_DIRECT_OBJC_ISA_USAGE = YES_ERROR;
				CLANG_WARN_DOCUMENTATION_COMMENTS = YES;
				CLANG_WARN_EMPTY_BODY = YES;
				CLANG_WARN_ENUM_CONVERSION = YES;
				CLANG_WARN_INFINITE_RECURSION = YES;
				CLANG_WARN_INT_CONVERSION = YES;
				CLANG_WARN_NON_LITERAL_NULL_CONVERSION = YES;
				CLANG_WARN_OBJC_IMPLICIT_RETAIN_SELF = YES;
				CLANG_WARN_OBJC_LITERAL_CONVERSION = YES;
				CLANG_WARN_OBJC_ROOT_CLASS = YES_ERROR;
				CLANG_WARN_QUOTED_INCLUDE_IN_FRAMEWORK_HEADER = YES;
				CLANG_WARN_RANGE_LOOP_ANALYSIS = YES;
				CLANG_WARN_STRICT_PROTOTYPES = YES;
				CLANG_WARN_SUSPICIOUS_MOVE = YES;
				CLANG_WARN_UNGUARDED_AVAILABILITY = YES_AGGRESSIVE;
				CLANG_WARN_UNREACHABLE_CODE = YES;
				CLANG_WARN__DUPLICATE_METHOD_MATCH = YES;
				COPY_PHASE_STRIP = NO;
				DEBUG_INFORMATION_FORMAT = dwarf;
				ENABLE_STRICT_OBJC_MSGSEND = YES;
				ENABLE_TESTABILITY = YES;
				GCC_C_LANGUAGE_STANDARD = gnu11;
				GCC_DYNAMIC_NO_PIC = NO;
				GCC_NO_COMMON_BLOCKS = YES;
				GCC_OPTIMIZATION_LEVEL = 0;
				GCC_PREPROCESSOR_DEFINITIONS = (
					"DEBUG=1",
					"$(inherited)",
				);
				GCC_WARN_64_TO_32_BIT_CONVERSION = YES;
				GCC_WARN_ABOUT_RETURN_TYPE = YES_ERROR;
				GCC_WARN_UNDECLARED_SELECTOR = YES;
				GCC_WARN_UNINITIALIZED_AUTOS = YES_AGGRESSIVE;
				GCC_WARN_UNUSED_FUNCTION = YES;
				GCC_WARN_UNUSED_VARIABLE = YES;
				IPHONEOS_DEPLOYMENT_TARGET = 15.4;
				MTL_ENABLE_DEBUG_INFO = INCLUDE_SOURCE;
				MTL_FAST_MATH = YES;
				ONLY_ACTIVE_ARCH = YES;
				SDKROOT = iphoneos;
				SWIFT_ACTIVE_COMPILATION_CONDITIONS = DEBUG;
				SWIFT_OPTIMIZATION_LEVEL = "-Onone";
			};
			name = Debug;
		};
		B89C4462285CA3E40003B88C /* Release */ = {
			isa = XCBuildConfiguration;
			buildSettings = {
				ALWAYS_SEARCH_USER_PATHS = NO;
				CLANG_ANALYZER_NONNULL = YES;
				CLANG_ANALYZER_NUMBER_OBJECT_CONVERSION = YES_AGGRESSIVE;
				CLANG_CXX_LANGUAGE_STANDARD = "gnu++17";
				CLANG_ENABLE_MODULES = YES;
				CLANG_ENABLE_OBJC_ARC = YES;
				CLANG_ENABLE_OBJC_WEAK = YES;
				CLANG_WARN_BLOCK_CAPTURE_AUTORELEASING = YES;
				CLANG_WARN_BOOL_CONVERSION = YES;
				CLANG_WARN_COMMA = YES;
				CLANG_WARN_CONSTANT_CONVERSION = YES;
				CLANG_WARN_DEPRECATED_OBJC_IMPLEMENTATIONS = YES;
				CLANG_WARN_DIRECT_OBJC_ISA_USAGE = YES_ERROR;
				CLANG_WARN_DOCUMENTATION_COMMENTS = YES;
				CLANG_WARN_EMPTY_BODY = YES;
				CLANG_WARN_ENUM_CONVERSION = YES;
				CLANG_WARN_INFINITE_RECURSION = YES;
				CLANG_WARN_INT_CONVERSION = YES;
				CLANG_WARN_NON_LITERAL_NULL_CONVERSION = YES;
				CLANG_WARN_OBJC_IMPLICIT_RETAIN_SELF = YES;
				CLANG_WARN_OBJC_LITERAL_CONVERSION = YES;
				CLANG_WARN_OBJC_ROOT_CLASS = YES_ERROR;
				CLANG_WARN_QUOTED_INCLUDE_IN_FRAMEWORK_HEADER = YES;
				CLANG_WARN_RANGE_LOOP_ANALYSIS = YES;
				CLANG_WARN_STRICT_PROTOTYPES = YES;
				CLANG_WARN_SUSPICIOUS_MOVE = YES;
				CLANG_WARN_UNGUARDED_AVAILABILITY = YES_AGGRESSIVE;
				CLANG_WARN_UNREACHABLE_CODE = YES;
				CLANG_WARN__DUPLICATE_METHOD_MATCH = YES;
				COPY_PHASE_STRIP = NO;
				DEBUG_INFORMATION_FORMAT = "dwarf-with-dsym";
				ENABLE_NS_ASSERTIONS = NO;
				ENABLE_STRICT_OBJC_MSGSEND = YES;
				GCC_C_LANGUAGE_STANDARD = gnu11;
				GCC_NO_COMMON_BLOCKS = YES;
				GCC_WARN_64_TO_32_BIT_CONVERSION = YES;
				GCC_WARN_ABOUT_RETURN_TYPE = YES_ERROR;
				GCC_WARN_UNDECLARED_SELECTOR = YES;
				GCC_WARN_UNINITIALIZED_AUTOS = YES_AGGRESSIVE;
				GCC_WARN_UNUSED_FUNCTION = YES;
				GCC_WARN_UNUSED_VARIABLE = YES;
				IPHONEOS_DEPLOYMENT_TARGET = 15.4;
				MTL_ENABLE_DEBUG_INFO = NO;
				MTL_FAST_MATH = YES;
				SDKROOT = iphoneos;
				SWIFT_COMPILATION_MODE = wholemodule;
				SWIFT_OPTIMIZATION_LEVEL = "-O";
				VALIDATE_PRODUCT = YES;
			};
			name = Release;
		};
		B89C4464285CA3E40003B88C /* Debug */ = {
			isa = XCBuildConfiguration;
			buildSettings = {
				ASSETCATALOG_COMPILER_APPICON_NAME = AppIcon;
				ASSETCATALOG_COMPILER_GLOBAL_ACCENT_COLOR_NAME = AccentColor;
				CODE_SIGN_STYLE = Automatic;
				CURRENT_PROJECT_VERSION = 1;
				DEVELOPMENT_TEAM = 35C3S834CG;
				GENERATE_INFOPLIST_FILE = YES;
				INFOPLIST_FILE = AppStoreRepeat/Info.plist;
				INFOPLIST_KEY_UIApplicationSupportsIndirectInputEvents = YES;
				INFOPLIST_KEY_UILaunchStoryboardName = LaunchScreen;
				INFOPLIST_KEY_UISupportedInterfaceOrientations_iPad = "UIInterfaceOrientationPortrait UIInterfaceOrientationPortraitUpsideDown UIInterfaceOrientationLandscapeLeft UIInterfaceOrientationLandscapeRight";
				INFOPLIST_KEY_UISupportedInterfaceOrientations_iPhone = "UIInterfaceOrientationPortrait UIInterfaceOrientationLandscapeLeft UIInterfaceOrientationLandscapeRight";
				LD_RUNPATH_SEARCH_PATHS = (
					"$(inherited)",
					"@executable_path/Frameworks",
				);
				MARKETING_VERSION = 1.0;
				PRODUCT_BUNDLE_IDENTIFIER = kr.co.junotest01.AppStoreRepeat;
				PRODUCT_NAME = "$(TARGET_NAME)";
				SWIFT_EMIT_LOC_STRINGS = YES;
				SWIFT_VERSION = 5.0;
				TARGETED_DEVICE_FAMILY = "1,2";
			};
			name = Debug;
		};
		B89C4465285CA3E40003B88C /* Release */ = {
			isa = XCBuildConfiguration;
			buildSettings = {
				ASSETCATALOG_COMPILER_APPICON_NAME = AppIcon;
				ASSETCATALOG_COMPILER_GLOBAL_ACCENT_COLOR_NAME = AccentColor;
				CODE_SIGN_STYLE = Automatic;
				CURRENT_PROJECT_VERSION = 1;
				DEVELOPMENT_TEAM = 35C3S834CG;
				GENERATE_INFOPLIST_FILE = YES;
				INFOPLIST_FILE = AppStoreRepeat/Info.plist;
				INFOPLIST_KEY_UIApplicationSupportsIndirectInputEvents = YES;
				INFOPLIST_KEY_UILaunchStoryboardName = LaunchScreen;
				INFOPLIST_KEY_UISupportedInterfaceOrientations_iPad = "UIInterfaceOrientationPortrait UIInterfaceOrientationPortraitUpsideDown UIInterfaceOrientationLandscapeLeft UIInterfaceOrientationLandscapeRight";
				INFOPLIST_KEY_UISupportedInterfaceOrientations_iPhone = "UIInterfaceOrientationPortrait UIInterfaceOrientationLandscapeLeft UIInterfaceOrientationLandscapeRight";
				LD_RUNPATH_SEARCH_PATHS = (
					"$(inherited)",
					"@executable_path/Frameworks",
				);
				MARKETING_VERSION = 1.0;
				PRODUCT_BUNDLE_IDENTIFIER = kr.co.junotest01.AppStoreRepeat;
				PRODUCT_NAME = "$(TARGET_NAME)";
				SWIFT_EMIT_LOC_STRINGS = YES;
				SWIFT_VERSION = 5.0;
				TARGETED_DEVICE_FAMILY = "1,2";
			};
			name = Release;
		};
/* End XCBuildConfiguration section */

/* Begin XCConfigurationList section */
		B89C444A285CA3E20003B88C /* Build configuration list for PBXProject "AppStoreRepeat" */ = {
			isa = XCConfigurationList;
			buildConfigurations = (
				B89C4461285CA3E40003B88C /* Debug */,
				B89C4462285CA3E40003B88C /* Release */,
			);
			defaultConfigurationIsVisible = 0;
			defaultConfigurationName = Release;
		};
		B89C4463285CA3E40003B88C /* Build configuration list for PBXNativeTarget "AppStoreRepeat" */ = {
			isa = XCConfigurationList;
			buildConfigurations = (
				B89C4464285CA3E40003B88C /* Debug */,
				B89C4465285CA3E40003B88C /* Release */,
			);
			defaultConfigurationIsVisible = 0;
			defaultConfigurationName = Release;
		};
/* End XCConfigurationList section */

/* Begin XCRemoteSwiftPackageReference section */
		B89C4471285CAAB30003B88C /* XCRemoteSwiftPackageReference "SnapKit" */ = {
			isa = XCRemoteSwiftPackageReference;
			repositoryURL = "https://github.com/SnapKit/SnapKit.git";
			requirement = {
				kind = upToNextMajorVersion;
				minimumVersion = 5.0.0;
			};
		};
		B89C4474285CAAC00003B88C /* XCRemoteSwiftPackageReference "Kingfisher" */ = {
			isa = XCRemoteSwiftPackageReference;
			repositoryURL = "https://github.com/onevcat/Kingfisher.git";
			requirement = {
				branch = master;
				kind = branch;
			};
		};
/* End XCRemoteSwiftPackageReference section */

/* Begin XCSwiftPackageProductDependency section */
		B89C4472285CAAB30003B88C /* SnapKit */ = {
			isa = XCSwiftPackageProductDependency;
			package = B89C4471285CAAB30003B88C /* XCRemoteSwiftPackageReference "SnapKit" */;
			productName = SnapKit;
		};
		B89C4475285CAAC00003B88C /* Kingfisher */ = {
			isa = XCSwiftPackageProductDependency;
			package = B89C4474285CAAC00003B88C /* XCRemoteSwiftPackageReference "Kingfisher" */;
			productName = Kingfisher;
		};
/* End XCSwiftPackageProductDependency section */
	};
	rootObject = B89C4447285CA3E20003B88C /* Project object */;
}
